
Microsoft Visual Studio Solution File, Format Version 12.00
# Visual Studio Version 17
VisualStudioVersion = 17.3.32929.385
MinimumVisualStudioVersion = 10.0.40219.1
Project("{FAE04EC0-301F-11D3-BF4B-00C04F79EFBC}") = "Loan Book", "Loan Book\Loan Book.csproj", "{FDC6A0C0-D664-44B8-A850-6AD2B026FC79}"
EndProject
Global
	GlobalSection(SolutionConfigurationPlatforms) = preSolution
		Debug|Any CPU = Debug|Any CPU
		Release|Any CPU = Release|Any CPU
	EndGlobalSection
	GlobalSection(ProjectConfigurationPlatforms) = postSolution
		{FDC6A0C0-D664-44B8-A850-6AD2B026FC79}.Debug|Any CPU.ActiveCfg = Debug|Any CPU
		{FDC6A0C0-D664-44B8-A850-6AD2B026FC79}.Debug|Any CPU.Build.0 = Debug|Any CPU
		{FDC6A0C0-D664-44B8-A850-6AD2B026FC79}.Release|Any CPU.ActiveCfg = Release|Any CPU
		{FDC6A0C0-D664-44B8-A850-6AD2B026FC79}.Release|Any CPU.Build.0 = Release|Any CPU
	EndGlobalSection
	GlobalSection(SolutionProperties) = preSolution
		HideSolutionNode = FALSE
	EndGlobalSection
	GlobalSection(ExtensibilityGlobals) = postSolution
		SolutionGuid = {34105819-9AD7-40B1-80A4-233A350391DF}
	EndGlobalSection
EndGlobal
